// !$*UTF8*$!
{
	archiveVersion = 1;
	classes = {
	};
	objectVersion = 48;
	objects = {

/* Begin PBXBuildFile section */
		CB001051204B3FC7003F027B /* helpers.cpp in Sources */ = {isa = PBXBuildFile; fileRef = CB00104F204B3FC7003F027B /* helpers.cpp */; };
		CB1A21BF2053FA0D00C8A395 /* RandomGenerators.cpp in Sources */ = {isa = PBXBuildFile; fileRef = CB1A21BE2053FA0D00C8A395 /* RandomGenerators.cpp */; };
		CB1A21C22053FB8100C8A395 /* ArrayHelpers.cpp in Sources */ = {isa = PBXBuildFile; fileRef = CB1A21C02053FB8100C8A395 /* ArrayHelpers.cpp */; };
		CB1A21C52053FBE900C8A395 /* OptimizationProblems.cpp in Sources */ = {isa = PBXBuildFile; fileRef = CB1A21C32053FBE900C8A395 /* OptimizationProblems.cpp */; };
		CB723928204347FE002599EB /* main.cpp in Sources */ = {isa = PBXBuildFile; fileRef = CB723927204347FE002599EB /* main.cpp */; };
/* End PBXBuildFile section */

/* Begin PBXCopyFilesBuildPhase section */
		CB723922204347FE002599EB /* CopyFiles */ = {
			isa = PBXCopyFilesBuildPhase;
			buildActionMask = 2147483647;
			dstPath = /usr/share/man/man1/;
			dstSubfolderSpec = 0;
			files = (
			);
			runOnlyForDeploymentPostprocessing = 1;
		};
/* End PBXCopyFilesBuildPhase section */

/* Begin PBXFileReference section */
		CB00104F204B3FC7003F027B /* helpers.cpp */ = {isa = PBXFileReference; lastKnownFileType = sourcecode.cpp.cpp; path = helpers.cpp; sourceTree = "<group>"; };
		CB1A21BD2053FA0D00C8A395 /* RandomGenerators.hpp */ = {isa = PBXFileReference; fileEncoding = 4; lastKnownFileType = sourcecode.cpp.h; path = RandomGenerators.hpp; sourceTree = "<group>"; };
		CB1A21BE2053FA0D00C8A395 /* RandomGenerators.cpp */ = {isa = PBXFileReference; fileEncoding = 4; lastKnownFileType = sourcecode.cpp.cpp; path = RandomGenerators.cpp; sourceTree = "<group>"; };
		CB1A21C02053FB8100C8A395 /* ArrayHelpers.cpp */ = {isa = PBXFileReference; lastKnownFileType = sourcecode.cpp.cpp; path = ArrayHelpers.cpp; sourceTree = "<group>"; };
		CB1A21C12053FB8100C8A395 /* ArrayHelpers.hpp */ = {isa = PBXFileReference; lastKnownFileType = sourcecode.cpp.h; path = ArrayHelpers.hpp; sourceTree = "<group>"; };
		CB1A21C32053FBE900C8A395 /* OptimizationProblems.cpp */ = {isa = PBXFileReference; lastKnownFileType = sourcecode.cpp.cpp; path = OptimizationProblems.cpp; sourceTree = "<group>"; };
		CB1A21C42053FBE900C8A395 /* OptimizationProblems.hpp */ = {isa = PBXFileReference; lastKnownFileType = sourcecode.cpp.h; path = OptimizationProblems.hpp; sourceTree = "<group>"; };
		CB723924204347FE002599EB /* differential_evolution */ = {isa = PBXFileReference; explicitFileType = "compiled.mach-o.executable"; includeInIndex = 0; path = differential_evolution; sourceTree = BUILT_PRODUCTS_DIR; };
		CB723927204347FE002599EB /* main.cpp */ = {isa = PBXFileReference; lastKnownFileType = sourcecode.cpp.cpp; path = main.cpp; sourceTree = "<group>"; };
/* End PBXFileReference section */

/* Begin PBXFrameworksBuildPhase section */
		CB723921204347FE002599EB /* Frameworks */ = {
			isa = PBXFrameworksBuildPhase;
			buildActionMask = 2147483647;
			files = (
			);
			runOnlyForDeploymentPostprocessing = 0;
		};
/* End PBXFrameworksBuildPhase section */

/* Begin PBXGroup section */
		CB72391B204347FE002599EB = {
			isa = PBXGroup;
			children = (
				CB723926204347FE002599EB /* differential_evolution */,
				CB723925204347FE002599EB /* Products */,
			);
			sourceTree = "<group>";
		};
		CB723925204347FE002599EB /* Products */ = {
			isa = PBXGroup;
			children = (
				CB723924204347FE002599EB /* differential_evolution */,
			);
			name = Products;
			sourceTree = "<group>";
		};
		CB723926204347FE002599EB /* differential_evolution */ = {
			isa = PBXGroup;
			children = (
				CB1A21BE2053FA0D00C8A395 /* RandomGenerators.cpp */,
				CB1A21BD2053FA0D00C8A395 /* RandomGenerators.hpp */,
				CB723927204347FE002599EB /* main.cpp */,
				CB00104F204B3FC7003F027B /* helpers.cpp */,
				CB1A21C02053FB8100C8A395 /* ArrayHelpers.cpp */,
				CB1A21C12053FB8100C8A395 /* ArrayHelpers.hpp */,
				CB1A21C32053FBE900C8A395 /* OptimizationProblems.cpp */,
				CB1A21C42053FBE900C8A395 /* OptimizationProblems.hpp */,
			);
			path = differential_evolution;
			sourceTree = "<group>";
		};
/* End PBXGroup section */

/* Begin PBXNativeTarget section */
		CB723923204347FE002599EB /* differential_evolution */ = {
			isa = PBXNativeTarget;
			buildConfigurationList = CB72392B204347FE002599EB /* Build configuration list for PBXNativeTarget "differential_evolution" */;
			buildPhases = (
				CB723920204347FE002599EB /* Sources */,
				CB723921204347FE002599EB /* Frameworks */,
				CB723922204347FE002599EB /* CopyFiles */,
			);
			buildRules = (
			);
			dependencies = (
			);
			name = differential_evolution;
			productName = differential_evolution;
			productReference = CB723924204347FE002599EB /* differential_evolution */;
			productType = "com.apple.product-type.tool";
		};
/* End PBXNativeTarget section */

/* Begin PBXProject section */
		CB72391C204347FE002599EB /* Project object */ = {
			isa = PBXProject;
			attributes = {
				LastUpgradeCheck = 0920;
				ORGANIZATIONNAME = "Peter Helstrup Jensen";
				TargetAttributes = {
					CB723923204347FE002599EB = {
						CreatedOnToolsVersion = 9.2;
						ProvisioningStyle = Automatic;
					};
				};
			};
			buildConfigurationList = CB72391F204347FE002599EB /* Build configuration list for PBXProject "differential_evolution" */;
			compatibilityVersion = "Xcode 8.0";
			developmentRegion = en;
			hasScannedForEncodings = 0;
			knownRegions = (
				en,
			);
			mainGroup = CB72391B204347FE002599EB;
			productRefGroup = CB723925204347FE002599EB /* Products */;
			projectDirPath = "";
			projectRoot = "";
			targets = (
				CB723923204347FE002599EB /* differential_evolution */,
			);
		};
/* End PBXProject section */

/* Begin PBXSourcesBuildPhase section */
		CB723920204347FE002599EB /* Sources */ = {
			isa = PBXSourcesBuildPhase;
			buildActionMask = 2147483647;
			files = (
				CB723928204347FE002599EB /* main.cpp in Sources */,
				CB1A21BF2053FA0D00C8A395 /* RandomGenerators.cpp in Sources */,
				CB001051204B3FC7003F027B /* helpers.cpp in Sources */,
				CB1A21C52053FBE900C8A395 /* OptimizationProblems.cpp in Sources */,
				CB1A21C22053FB8100C8A395 /* ArrayHelpers.cpp in Sources */,
			);
			runOnlyForDeploymentPostprocessing = 0;
		};
/* End PBXSourcesBuildPhase section */

/* Begin XCBuildConfiguration section */
		CB723929204347FE002599EB /* Debug */ = {
			isa = XCBuildConfiguration;
			buildSettings = {
				ALWAYS_SEARCH_USER_PATHS = NO;
				CLANG_ANALYZER_NONNULL = YES;
				CLANG_ANALYZER_NUMBER_OBJECT_CONVERSION = YES_AGGRESSIVE;
				CLANG_CXX_LANGUAGE_STANDARD = "gnu++14";
				CLANG_CXX_LIBRARY = "libc++";
				CLANG_ENABLE_MODULES = YES;
				CLANG_ENABLE_OBJC_ARC = YES;
				CLANG_WARN_BLOCK_CAPTURE_AUTORELEASING = YES;
				CLANG_WARN_BOOL_CONVERSION = YES;
				CLANG_WARN_COMMA = YES;
				CLANG_WARN_CONSTANT_CONVERSION = YES;
				CLANG_WARN_DIRECT_OBJC_ISA_USAGE = YES_ERROR;
				CLANG_WARN_DOCUMENTATION_COMMENTS = YES;
				CLANG_WARN_EMPTY_BODY = YES;
				CLANG_WARN_ENUM_CONVERSION = YES;
				CLANG_WARN_INFINITE_RECURSION = YES;
				CLANG_WARN_INT_CONVERSION = YES;
				CLANG_WARN_NON_LITERAL_NULL_CONVERSION = YES;
				CLANG_WARN_OBJC_LITERAL_CONVERSION = YES;
				CLANG_WARN_OBJC_ROOT_CLASS = YES_ERROR;
				CLANG_WARN_RANGE_LOOP_ANALYSIS = YES;
				CLANG_WARN_STRICT_PROTOTYPES = YES;
				CLANG_WARN_SUSPICIOUS_MOVE = YES;
				CLANG_WARN_UNGUARDED_AVAILABILITY = YES_AGGRESSIVE;
				CLANG_WARN_UNREACHABLE_CODE = YES;
				CLANG_WARN__DUPLICATE_METHOD_MATCH = YES;
				CODE_SIGN_IDENTITY = "-";
				COPY_PHASE_STRIP = NO;
				DEBUG_INFORMATION_FORMAT = dwarf;
				ENABLE_STRICT_OBJC_MSGSEND = YES;
				ENABLE_TESTABILITY = YES;
				GCC_C_LANGUAGE_STANDARD = gnu11;
				GCC_DYNAMIC_NO_PIC = NO;
				GCC_NO_COMMON_BLOCKS = YES;
				GCC_OPTIMIZATION_LEVEL = 0;
				GCC_PREPROCESSOR_DEFINITIONS = (
					"DEBUG=1",
					"$(inherited)",
				);
				GCC_WARN_64_TO_32_BIT_CONVERSION = YES;
				GCC_WARN_ABOUT_RETURN_TYPE = YES_ERROR;
				GCC_WARN_UNDECLARED_SELECTOR = YES;
				GCC_WARN_UNINITIALIZED_AUTOS = YES_AGGRESSIVE;
				GCC_WARN_UNUSED_FUNCTION = YES;
				GCC_WARN_UNUSED_VARIABLE = YES;
				MACOSX_DEPLOYMENT_TARGET = 10.13;
				MTL_ENABLE_DEBUG_INFO = YES;
				ONLY_ACTIVE_ARCH = YES;
				SDKROOT = macosx;
			};
			name = Debug;
		};
		CB72392A204347FE002599EB /* Release */ = {
			isa = XCBuildConfiguration;
			buildSettings = {
				ALWAYS_SEARCH_USER_PATHS = NO;
				CLANG_ANALYZER_NONNULL = YES;
				CLANG_ANALYZER_NUMBER_OBJECT_CONVERSION = YES_AGGRESSIVE;
				CLANG_CXX_LANGUAGE_STANDARD = "gnu++14";
				CLANG_CXX_LIBRARY = "libc++";
				CLANG_ENABLE_MODULES = YES;
				CLANG_ENABLE_OBJC_ARC = YES;
				CLANG_WARN_BLOCK_CAPTURE_AUTORELEASING = YES;
				CLANG_WARN_BOOL_CONVERSION = YES;
				CLANG_WARN_COMMA = YES;
				CLANG_WARN_CONSTANT_CONVERSION = YES;
				CLANG_WARN_DIRECT_OBJC_ISA_USAGE = YES_ERROR;
				CLANG_WARN_DOCUMENTATION_COMMENTS = YES;
				CLANG_WARN_EMPTY_BODY = YES;
				CLANG_WARN_ENUM_CONVERSION = YES;
				CLANG_WARN_INFINITE_RECURSION = YES;
				CLANG_WARN_INT_CONVERSION = YES;
				CLANG_WARN_NON_LITERAL_NULL_CONVERSION = YES;
				CLANG_WARN_OBJC_LITERAL_CONVERSION = YES;
				CLANG_WARN_OBJC_ROOT_CLASS = YES_ERROR;
				CLANG_WARN_RANGE_LOOP_ANALYSIS = YES;
				CLANG_WARN_STRICT_PROTOTYPES = YES;
				CLANG_WARN_SUSPICIOUS_MOVE = YES;
				CLANG_WARN_UNGUARDED_AVAILABILITY = YES_AGGRESSIVE;
				CLANG_WARN_UNREACHABLE_CODE = YES;
				CLANG_WARN__DUPLICATE_METHOD_MATCH = YES;
				CODE_SIGN_IDENTITY = "-";
				COPY_PHASE_STRIP = NO;
				DEBUG_INFORMATION_FORMAT = "dwarf-with-dsym";
				ENABLE_NS_ASSERTIONS = NO;
				ENABLE_STRICT_OBJC_MSGSEND = YES;
				GCC_C_LANGUAGE_STANDARD = gnu11;
				GCC_NO_COMMON_BLOCKS = YES;
				GCC_WARN_64_TO_32_BIT_CONVERSION = YES;
				GCC_WARN_ABOUT_RETURN_TYPE = YES_ERROR;
				GCC_WARN_UNDECLARED_SELECTOR = YES;
				GCC_WARN_UNINITIALIZED_AUTOS = YES_AGGRESSIVE;
				GCC_WARN_UNUSED_FUNCTION = YES;
				GCC_WARN_UNUSED_VARIABLE = YES;
				MACOSX_DEPLOYMENT_TARGET = 10.13;
				MTL_ENABLE_DEBUG_INFO = NO;
				SDKROOT = macosx;
			};
			name = Release;
		};
		CB72392C204347FE002599EB /* Debug */ = {
			isa = XCBuildConfiguration;
			buildSettings = {
				CLANG_USE_OPTIMIZATION_PROFILE = NO;
				CODE_SIGN_STYLE = Automatic;
				GCC_FAST_MATH = NO;
				GCC_STRICT_ALIASING = YES;
				LLVM_LTO = YES;
				PRODUCT_NAME = "$(TARGET_NAME)";
			};
			name = Debug;
		};
		CB72392D204347FE002599EB /* Release */ = {
			isa = XCBuildConfiguration;
			buildSettings = {
				CLANG_USE_OPTIMIZATION_PROFILE = NO;
				CODE_SIGN_STYLE = Automatic;
				GCC_FAST_MATH = NO;
				GCC_OPTIMIZATION_LEVEL = fast;
				GCC_STRICT_ALIASING = YES;
				LLVM_LTO = YES;
				PRODUCT_NAME = "$(TARGET_NAME)";
			};
			name = Release;
		};
/* End XCBuildConfiguration section */

/* Begin XCConfigurationList section */
		CB72391F204347FE002599EB /* Build configuration list for PBXProject "differential_evolution" */ = {
			isa = XCConfigurationList;
			buildConfigurations = (
				CB723929204347FE002599EB /* Debug */,
				CB72392A204347FE002599EB /* Release */,
			);
			defaultConfigurationIsVisible = 0;
			defaultConfigurationName = Release;
		};
		CB72392B204347FE002599EB /* Build configuration list for PBXNativeTarget "differential_evolution" */ = {
			isa = XCConfigurationList;
			buildConfigurations = (
				CB72392C204347FE002599EB /* Debug */,
				CB72392D204347FE002599EB /* Release */,
			);
			defaultConfigurationIsVisible = 0;
			defaultConfigurationName = Release;
		};
/* End XCConfigurationList section */
	};
	rootObject = CB72391C204347FE002599EB /* Project object */;
}
